// !$*UTF8*$!
{
	archiveVersion = 1;
	classes = {
	};
	objectVersion = 55;
	objects = {

/* Begin PBXBuildFile section */
		D277756C28AA72F000338E41 /* AppDelegate.swift in Sources */ = {isa = PBXBuildFile; fileRef = D277756B28AA72F000338E41 /* AppDelegate.swift */; };
		D277756E28AA72F000338E41 /* SceneDelegate.swift in Sources */ = {isa = PBXBuildFile; fileRef = D277756D28AA72F000338E41 /* SceneDelegate.swift */; };
		D277757028AA72F000338E41 /* ViewController.swift in Sources */ = {isa = PBXBuildFile; fileRef = D277756F28AA72F000338E41 /* ViewController.swift */; };
		D277757328AA72F000338E41 /* Main.storyboard in Resources */ = {isa = PBXBuildFile; fileRef = D277757128AA72F000338E41 /* Main.storyboard */; };
		D277757528AA72F100338E41 /* Assets.xcassets in Resources */ = {isa = PBXBuildFile; fileRef = D277757428AA72F100338E41 /* Assets.xcassets */; };
		D277757828AA72F100338E41 /* LaunchScreen.storyboard in Resources */ = {isa = PBXBuildFile; fileRef = D277757628AA72F100338E41 /* LaunchScreen.storyboard */; };
		D277758328AA72F100338E41 /* SegueAppTests.swift in Sources */ = {isa = PBXBuildFile; fileRef = D277758228AA72F100338E41 /* SegueAppTests.swift */; };
		D277758D28AA72F100338E41 /* SegueAppUITests.swift in Sources */ = {isa = PBXBuildFile; fileRef = D277758C28AA72F100338E41 /* SegueAppUITests.swift */; };
		D277758F28AA72F100338E41 /* SegueAppUITestsLaunchTests.swift in Sources */ = {isa = PBXBuildFile; fileRef = D277758E28AA72F100338E41 /* SegueAppUITestsLaunchTests.swift */; };
		D277759C28AA767B00338E41 /* secondViewController.swift in Sources */ = {isa = PBXBuildFile; fileRef = D277759B28AA767B00338E41 /* secondViewController.swift */; };
/* End PBXBuildFile section */

/* Begin PBXContainerItemProxy section */
		D277757F28AA72F100338E41 /* PBXContainerItemProxy */ = {
			isa = PBXContainerItemProxy;
			containerPortal = D277756028AA72F000338E41 /* Project object */;
			proxyType = 1;
			remoteGlobalIDString = D277756728AA72F000338E41;
			remoteInfo = SegueApp;
		};
		D277758928AA72F100338E41 /* PBXContainerItemProxy */ = {
			isa = PBXContainerItemProxy;
			containerPortal = D277756028AA72F000338E41 /* Project object */;
			proxyType = 1;
			remoteGlobalIDString = D277756728AA72F000338E41;
			remoteInfo = SegueApp;
		};
/* End PBXContainerItemProxy section */

/* Begin PBXFileReference section */
		D277756828AA72F000338E41 /* SegueApp.app */ = {isa = PBXFileReference; explicitFileType = wrapper.application; includeInIndex = 0; path = SegueApp.app; sourceTree = BUILT_PRODUCTS_DIR; };
		D277756B28AA72F000338E41 /* AppDelegate.swift */ = {isa = PBXFileReference; lastKnownFileType = sourcecode.swift; path = AppDelegate.swift; sourceTree = "<group>"; };
		D277756D28AA72F000338E41 /* SceneDelegate.swift */ = {isa = PBXFileReference; lastKnownFileType = sourcecode.swift; path = SceneDelegate.swift; sourceTree = "<group>"; };
		D277756F28AA72F000338E41 /* ViewController.swift */ = {isa = PBXFileReference; lastKnownFileType = sourcecode.swift; path = ViewController.swift; sourceTree = "<group>"; };
		D277757228AA72F000338E41 /* Base */ = {isa = PBXFileReference; lastKnownFileType = file.storyboard; name = Base; path = Base.lproj/Main.storyboard; sourceTree = "<group>"; };
		D277757428AA72F100338E41 /* Assets.xcassets */ = {isa = PBXFileReference; lastKnownFileType = folder.assetcatalog; path = Assets.xcassets; sourceTree = "<group>"; };
		D277757728AA72F100338E41 /* Base */ = {isa = PBXFileReference; lastKnownFileType = file.storyboard; name = Base; path = Base.lproj/LaunchScreen.storyboard; sourceTree = "<group>"; };
		D277757928AA72F100338E41 /* Info.plist */ = {isa = PBXFileReference; lastKnownFileType = text.plist.xml; path = Info.plist; sourceTree = "<group>"; };
		D277757E28AA72F100338E41 /* SegueAppTests.xctest */ = {isa = PBXFileReference; explicitFileType = wrapper.cfbundle; includeInIndex = 0; path = SegueAppTests.xctest; sourceTree = BUILT_PRODUCTS_DIR; };
		D277758228AA72F100338E41 /* SegueAppTests.swift */ = {isa = PBXFileReference; lastKnownFileType = sourcecode.swift; path = SegueAppTests.swift; sourceTree = "<group>"; };
		D277758828AA72F100338E41 /* SegueAppUITests.xctest */ = {isa = PBXFileReference; explicitFileType = wrapper.cfbundle; includeInIndex = 0; path = SegueAppUITests.xctest; sourceTree = BUILT_PRODUCTS_DIR; };
		D277758C28AA72F100338E41 /* SegueAppUITests.swift */ = {isa = PBXFileReference; lastKnownFileType = sourcecode.swift; path = SegueAppUITests.swift; sourceTree = "<group>"; };
		D277758E28AA72F100338E41 /* SegueAppUITestsLaunchTests.swift */ = {isa = PBXFileReference; lastKnownFileType = sourcecode.swift; path = SegueAppUITestsLaunchTests.swift; sourceTree = "<group>"; };
		D277759B28AA767B00338E41 /* secondViewController.swift */ = {isa = PBXFileReference; lastKnownFileType = sourcecode.swift; path = secondViewController.swift; sourceTree = "<group>"; };
/* End PBXFileReference section */

/* Begin PBXFrameworksBuildPhase section */
		D277756528AA72F000338E41 /* Frameworks */ = {
			isa = PBXFrameworksBuildPhase;
			buildActionMask = 2147483647;
			files = (
			);
			runOnlyForDeploymentPostprocessing = 0;
		};
		D277757B28AA72F100338E41 /* Frameworks */ = {
			isa = PBXFrameworksBuildPhase;
			buildActionMask = 2147483647;
			files = (
			);
			runOnlyForDeploymentPostprocessing = 0;
		};
		D277758528AA72F100338E41 /* Frameworks */ = {
			isa = PBXFrameworksBuildPhase;
			buildActionMask = 2147483647;
			files = (
			);
			runOnlyForDeploymentPostprocessing = 0;
		};
/* End PBXFrameworksBuildPhase section */

/* Begin PBXGroup section */
		D277755F28AA72F000338E41 = {
			isa = PBXGroup;
			children = (
				D277756A28AA72F000338E41 /* SegueApp */,
				D277758128AA72F100338E41 /* SegueAppTests */,
				D277758B28AA72F100338E41 /* SegueAppUITests */,
				D277756928AA72F000338E41 /* Products */,
			);
			sourceTree = "<group>";
		};
		D277756928AA72F000338E41 /* Products */ = {
			isa = PBXGroup;
			children = (
				D277756828AA72F000338E41 /* SegueApp.app */,
				D277757E28AA72F100338E41 /* SegueAppTests.xctest */,
				D277758828AA72F100338E41 /* SegueAppUITests.xctest */,
			);
			name = Products;
			sourceTree = "<group>";
		};
		D277756A28AA72F000338E41 /* SegueApp */ = {
			isa = PBXGroup;
			children = (
				D277756B28AA72F000338E41 /* AppDelegate.swift */,
				D277756D28AA72F000338E41 /* SceneDelegate.swift */,
				D277756F28AA72F000338E41 /* ViewController.swift */,
				D277757128AA72F000338E41 /* Main.storyboard */,
				D277757428AA72F100338E41 /* Assets.xcassets */,
				D277757628AA72F100338E41 /* LaunchScreen.storyboard */,
				D277757928AA72F100338E41 /* Info.plist */,
				D277759B28AA767B00338E41 /* secondViewController.swift */,
			);
			path = SegueApp;
			sourceTree = "<group>";
		};
		D277758128AA72F100338E41 /* SegueAppTests */ = {
			isa = PBXGroup;
			children = (
				D277758228AA72F100338E41 /* SegueAppTests.swift */,
			);
			path = SegueAppTests;
			sourceTree = "<group>";
		};
		D277758B28AA72F100338E41 /* SegueAppUITests */ = {
			isa = PBXGroup;
			children = (
				D277758C28AA72F100338E41 /* SegueAppUITests.swift */,
				D277758E28AA72F100338E41 /* SegueAppUITestsLaunchTests.swift */,
			);
			path = SegueAppUITests;
			sourceTree = "<group>";
		};
/* End PBXGroup section */

/* Begin PBXNativeTarget section */
		D277756728AA72F000338E41 /* SegueApp */ = {
			isa = PBXNativeTarget;
			buildConfigurationList = D277759228AA72F100338E41 /* Build configuration list for PBXNativeTarget "SegueApp" */;
			buildPhases = (
				D277756428AA72F000338E41 /* Sources */,
				D277756528AA72F000338E41 /* Frameworks */,
				D277756628AA72F000338E41 /* Resources */,
			);
			buildRules = (
			);
			dependencies = (
			);
			name = SegueApp;
			productName = SegueApp;
			productReference = D277756828AA72F000338E41 /* SegueApp.app */;
			productType = "com.apple.product-type.application";
		};
		D277757D28AA72F100338E41 /* SegueAppTests */ = {
			isa = PBXNativeTarget;
			buildConfigurationList = D277759528AA72F100338E41 /* Build configuration list for PBXNativeTarget "SegueAppTests" */;
			buildPhases = (
				D277757A28AA72F100338E41 /* Sources */,
				D277757B28AA72F100338E41 /* Frameworks */,
				D277757C28AA72F100338E41 /* Resources */,
			);
			buildRules = (
			);
			dependencies = (
				D277758028AA72F100338E41 /* PBXTargetDependency */,
			);
			name = SegueAppTests;
			productName = SegueAppTests;
			productReference = D277757E28AA72F100338E41 /* SegueAppTests.xctest */;
			productType = "com.apple.product-type.bundle.unit-test";
		};
		D277758728AA72F100338E41 /* SegueAppUITests */ = {
			isa = PBXNativeTarget;
			buildConfigurationList = D277759828AA72F100338E41 /* Build configuration list for PBXNativeTarget "SegueAppUITests" */;
			buildPhases = (
				D277758428AA72F100338E41 /* Sources */,
				D277758528AA72F100338E41 /* Frameworks */,
				D277758628AA72F100338E41 /* Resources */,
			);
			buildRules = (
			);
			dependencies = (
				D277758A28AA72F100338E41 /* PBXTargetDependency */,
			);
			name = SegueAppUITests;
			productName = SegueAppUITests;
			productReference = D277758828AA72F100338E41 /* SegueAppUITests.xctest */;
			productType = "com.apple.product-type.bundle.ui-testing";
		};
/* End PBXNativeTarget section */

/* Begin PBXProject section */
		D277756028AA72F000338E41 /* Project object */ = {
			isa = PBXProject;
			attributes = {
				BuildIndependentTargetsInParallel = 1;
				LastSwiftUpdateCheck = 1340;
				LastUpgradeCheck = 1340;
				TargetAttributes = {
					D277756728AA72F000338E41 = {
						CreatedOnToolsVersion = 13.4.1;
					};
					D277757D28AA72F100338E41 = {
						CreatedOnToolsVersion = 13.4.1;
						TestTargetID = D277756728AA72F000338E41;
					};
					D277758728AA72F100338E41 = {
						CreatedOnToolsVersion = 13.4.1;
						TestTargetID = D277756728AA72F000338E41;
					};
				};
			};
			buildConfigurationList = D277756328AA72F000338E41 /* Build configuration list for PBXProject "SegueApp" */;
			compatibilityVersion = "Xcode 13.0";
			developmentRegion = en;
			hasScannedForEncodings = 0;
			knownRegions = (
				en,
				Base,
			);
			mainGroup = D277755F28AA72F000338E41;
			productRefGroup = D277756928AA72F000338E41 /* Products */;
			projectDirPath = "";
			projectRoot = "";
			targets = (
				D277756728AA72F000338E41 /* SegueApp */,
				D277757D28AA72F100338E41 /* SegueAppTests */,
				D277758728AA72F100338E41 /* SegueAppUITests */,
			);
		};
/* End PBXProject section */

/* Begin PBXResourcesBuildPhase section */
		D277756628AA72F000338E41 /* Resources */ = {
			isa = PBXResourcesBuildPhase;
			buildActionMask = 2147483647;
			files = (
				D277757828AA72F100338E41 /* LaunchScreen.storyboard in Resources */,
				D277757528AA72F100338E41 /* Assets.xcassets in Resources */,
				D277757328AA72F000338E41 /* Main.storyboard in Resources */,
			);
			runOnlyForDeploymentPostprocessing = 0;
		};
		D277757C28AA72F100338E41 /* Resources */ = {
			isa = PBXResourcesBuildPhase;
			buildActionMask = 2147483647;
			files = (
			);
			runOnlyForDeploymentPostprocessing = 0;
		};
		D277758628AA72F100338E41 /* Resources */ = {
			isa = PBXResourcesBuildPhase;
			buildActionMask = 2147483647;
			files = (
			);
			runOnlyForDeploymentPostprocessing = 0;
		};
/* End PBXResourcesBuildPhase section */

/* Begin PBXSourcesBuildPhase section */
		D277756428AA72F000338E41 /* Sources */ = {
			isa = PBXSourcesBuildPhase;
			buildActionMask = 2147483647;
			files = (
				D277759C28AA767B00338E41 /* secondViewController.swift in Sources */,
				D277757028AA72F000338E41 /* ViewController.swift in Sources */,
				D277756C28AA72F000338E41 /* AppDelegate.swift in Sources */,
				D277756E28AA72F000338E41 /* SceneDelegate.swift in Sources */,
			);
			runOnlyForDeploymentPostprocessing = 0;
		};
		D277757A28AA72F100338E41 /* Sources */ = {
			isa = PBXSourcesBuildPhase;
			buildActionMask = 2147483647;
			files = (
				D277758328AA72F100338E41 /* SegueAppTests.swift in Sources */,
			);
			runOnlyForDeploymentPostprocessing = 0;
		};
		D277758428AA72F100338E41 /* Sources */ = {
			isa = PBXSourcesBuildPhase;
			buildActionMask = 2147483647;
			files = (
				D277758F28AA72F100338E41 /* SegueAppUITestsLaunchTests.swift in Sources */,
				D277758D28AA72F100338E41 /* SegueAppUITests.swift in Sources */,
			);
			runOnlyForDeploymentPostprocessing = 0;
		};
/* End PBXSourcesBuildPhase section */

/* Begin PBXTargetDependency section */
		D277758028AA72F100338E41 /* PBXTargetDependency */ = {
			isa = PBXTargetDependency;
			target = D277756728AA72F000338E41 /* SegueApp */;
			targetProxy = D277757F28AA72F100338E41 /* PBXContainerItemProxy */;
		};
		D277758A28AA72F100338E41 /* PBXTargetDependency */ = {
			isa = PBXTargetDependency;
			target = D277756728AA72F000338E41 /* SegueApp */;
			targetProxy = D277758928AA72F100338E41 /* PBXContainerItemProxy */;
		};
/* End PBXTargetDependency section */

/* Begin PBXVariantGroup section */
		D277757128AA72F000338E41 /* Main.storyboard */ = {
			isa = PBXVariantGroup;
			children = (
				D277757228AA72F000338E41 /* Base */,
			);
			name = Main.storyboard;
			sourceTree = "<group>";
		};
		D277757628AA72F100338E41 /* LaunchScreen.storyboard */ = {
			isa = PBXVariantGroup;
			children = (
				D277757728AA72F100338E41 /* Base */,
			);
			name = LaunchScreen.storyboard;
			sourceTree = "<group>";
		};
/* End PBXVariantGroup section */

/* Begin XCBuildConfiguration section */
		D277759028AA72F100338E41 /* Debug */ = {
			isa = XCBuildConfiguration;
			buildSettings = {
				ALWAYS_SEARCH_USER_PATHS = NO;
				CLANG_ANALYZER_NONNULL = YES;
				CLANG_ANALYZER_NUMBER_OBJECT_CONVERSION = YES_AGGRESSIVE;
				CLANG_CXX_LANGUAGE_STANDARD = "gnu++17";
				CLANG_ENABLE_MODULES = YES;
				CLANG_ENABLE_OBJC_ARC = YES;
				CLANG_ENABLE_OBJC_WEAK = YES;
				CLANG_WARN_BLOCK_CAPTURE_AUTORELEASING = YES;
				CLANG_WARN_BOOL_CONVERSION = YES;
				CLANG_WARN_COMMA = YES;
				CLANG_WARN_CONSTANT_CONVERSION = YES;
				CLANG_WARN_DEPRECATED_OBJC_IMPLEMENTATIONS = YES;
				CLANG_WARN_DIRECT_OBJC_ISA_USAGE = YES_ERROR;
				CLANG_WARN_DOCUMENTATION_COMMENTS = YES;
				CLANG_WARN_EMPTY_BODY = YES;
				CLANG_WARN_ENUM_CONVERSION = YES;
				CLANG_WARN_INFINITE_RECURSION = YES;
				CLANG_WARN_INT_CONVERSION = YES;
				CLANG_WARN_NON_LITERAL_NULL_CONVERSION = YES;
				CLANG_WARN_OBJC_IMPLICIT_RETAIN_SELF = YES;
				CLANG_WARN_OBJC_LITERAL_CONVERSION = YES;
				CLANG_WARN_OBJC_ROOT_CLASS = YES_ERROR;
				CLANG_WARN_QUOTED_INCLUDE_IN_FRAMEWORK_HEADER = YES;
				CLANG_WARN_RANGE_LOOP_ANALYSIS = YES;
				CLANG_WARN_STRICT_PROTOTYPES = YES;
				CLANG_WARN_SUSPICIOUS_MOVE = YES;
				CLANG_WARN_UNGUARDED_AVAILABILITY = YES_AGGRESSIVE;
				CLANG_WARN_UNREACHABLE_CODE = YES;
				CLANG_WARN__DUPLICATE_METHOD_MATCH = YES;
				COPY_PHASE_STRIP = NO;
				DEBUG_INFORMATION_FORMAT = dwarf;
				ENABLE_STRICT_OBJC_MSGSEND = YES;
				ENABLE_TESTABILITY = YES;
				GCC_C_LANGUAGE_STANDARD = gnu11;
				GCC_DYNAMIC_NO_PIC = NO;
				GCC_NO_COMMON_BLOCKS = YES;
				GCC_OPTIMIZATION_LEVEL = 0;
				GCC_PREPROCESSOR_DEFINITIONS = (
					"DEBUG=1",
					"$(inherited)",
				);
				GCC_WARN_64_TO_32_BIT_CONVERSION = YES;
				GCC_WARN_ABOUT_RETURN_TYPE = YES_ERROR;
				GCC_WARN_UNDECLARED_SELECTOR = YES;
				GCC_WARN_UNINITIALIZED_AUTOS = YES_AGGRESSIVE;
				GCC_WARN_UNUSED_FUNCTION = YES;
				GCC_WARN_UNUSED_VARIABLE = YES;
				IPHONEOS_DEPLOYMENT_TARGET = 15.5;
				MTL_ENABLE_DEBUG_INFO = INCLUDE_SOURCE;
				MTL_FAST_MATH = YES;
				ONLY_ACTIVE_ARCH = YES;
				SDKROOT = iphoneos;
				SWIFT_ACTIVE_COMPILATION_CONDITIONS = DEBUG;
				SWIFT_OPTIMIZATION_LEVEL = "-Onone";
			};
			name = Debug;
		};
		D277759128AA72F100338E41 /* Release */ = {
			isa = XCBuildConfiguration;
			buildSettings = {
				ALWAYS_SEARCH_USER_PATHS = NO;
				CLANG_ANALYZER_NONNULL = YES;
				CLANG_ANALYZER_NUMBER_OBJECT_CONVERSION = YES_AGGRESSIVE;
				CLANG_CXX_LANGUAGE_STANDARD = "gnu++17";
				CLANG_ENABLE_MODULES = YES;
				CLANG_ENABLE_OBJC_ARC = YES;
				CLANG_ENABLE_OBJC_WEAK = YES;
				CLANG_WARN_BLOCK_CAPTURE_AUTORELEASING = YES;
				CLANG_WARN_BOOL_CONVERSION = YES;
				CLANG_WARN_COMMA = YES;
				CLANG_WARN_CONSTANT_CONVERSION = YES;
				CLANG_WARN_DEPRECATED_OBJC_IMPLEMENTATIONS = YES;
				CLANG_WARN_DIRECT_OBJC_ISA_USAGE = YES_ERROR;
				CLANG_WARN_DOCUMENTATION_COMMENTS = YES;
				CLANG_WARN_EMPTY_BODY = YES;
				CLANG_WARN_ENUM_CONVERSION = YES;
				CLANG_WARN_INFINITE_RECURSION = YES;
				CLANG_WARN_INT_CONVERSION = YES;
				CLANG_WARN_NON_LITERAL_NULL_CONVERSION = YES;
				CLANG_WARN_OBJC_IMPLICIT_RETAIN_SELF = YES;
				CLANG_WARN_OBJC_LITERAL_CONVERSION = YES;
				CLANG_WARN_OBJC_ROOT_CLASS = YES_ERROR;
				CLANG_WARN_QUOTED_INCLUDE_IN_FRAMEWORK_HEADER = YES;
				CLANG_WARN_RANGE_LOOP_ANALYSIS = YES;
				CLANG_WARN_STRICT_PROTOTYPES = YES;
				CLANG_WARN_SUSPICIOUS_MOVE = YES;
				CLANG_WARN_UNGUARDED_AVAILABILITY = YES_AGGRESSIVE;
				CLANG_WARN_UNREACHABLE_CODE = YES;
				CLANG_WARN__DUPLICATE_METHOD_MATCH = YES;
				COPY_PHASE_STRIP = NO;
				DEBUG_INFORMATION_FORMAT = "dwarf-with-dsym";
				ENABLE_NS_ASSERTIONS = NO;
				ENABLE_STRICT_OBJC_MSGSEND = YES;
				GCC_C_LANGUAGE_STANDARD = gnu11;
				GCC_NO_COMMON_BLOCKS = YES;
				GCC_WARN_64_TO_32_BIT_CONVERSION = YES;
				GCC_WARN_ABOUT_RETURN_TYPE = YES_ERROR;
				GCC_WARN_UNDECLARED_SELECTOR = YES;
				GCC_WARN_UNINITIALIZED_AUTOS = YES_AGGRESSIVE;
				GCC_WARN_UNUSED_FUNCTION = YES;
				GCC_WARN_UNUSED_VARIABLE = YES;
				IPHONEOS_DEPLOYMENT_TARGET = 15.5;
				MTL_ENABLE_DEBUG_INFO = NO;
				MTL_FAST_MATH = YES;
				SDKROOT = iphoneos;
				SWIFT_COMPILATION_MODE = wholemodule;
				SWIFT_OPTIMIZATION_LEVEL = "-O";
				VALIDATE_PRODUCT = YES;
			};
			name = Release;
		};
		D277759328AA72F100338E41 /* Debug */ = {
			isa = XCBuildConfiguration;
			buildSettings = {
				ASSETCATALOG_COMPILER_APPICON_NAME = AppIcon;
				ASSETCATALOG_COMPILER_GLOBAL_ACCENT_COLOR_NAME = AccentColor;
				CODE_SIGN_STYLE = Automatic;
				CURRENT_PROJECT_VERSION = 1;
				GENERATE_INFOPLIST_FILE = YES;
				INFOPLIST_FILE = SegueApp/Info.plist;
				INFOPLIST_KEY_UIApplicationSupportsIndirectInputEvents = YES;
				INFOPLIST_KEY_UILaunchStoryboardName = LaunchScreen;
				INFOPLIST_KEY_UIMainStoryboardFile = Main;
				INFOPLIST_KEY_UISupportedInterfaceOrientations_iPad = "UIInterfaceOrientationPortrait UIInterfaceOrientationPortraitUpsideDown UIInterfaceOrientationLandscapeLeft UIInterfaceOrientationLandscapeRight";
				INFOPLIST_KEY_UISupportedInterfaceOrientations_iPhone = "UIInterfaceOrientationPortrait UIInterfaceOrientationLandscapeLeft UIInterfaceOrientationLandscapeRight";
				LD_RUNPATH_SEARCH_PATHS = (
					"$(inherited)",
					"@executable_path/Frameworks",
				);
				MARKETING_VERSION = 1.0;
				PRODUCT_BUNDLE_IDENTIFIER = com.berkayates.SegueApp;
				PRODUCT_NAME = "$(TARGET_NAME)";
				SWIFT_EMIT_LOC_STRINGS = YES;
				SWIFT_VERSION = 5.0;
				TARGETED_DEVICE_FAMILY = "1,2";
			};
			name = Debug;
		};
		D277759428AA72F100338E41 /* Release */ = {
			isa = XCBuildConfiguration;
			buildSettings = {
				ASSETCATALOG_COMPILER_APPICON_NAME = AppIcon;
				ASSETCATALOG_COMPILER_GLOBAL_ACCENT_COLOR_NAME = AccentColor;
				CODE_SIGN_STYLE = Automatic;
				CURRENT_PROJECT_VERSION = 1;
				GENERATE_INFOPLIST_FILE = YES;
				INFOPLIST_FILE = SegueApp/Info.plist;
				INFOPLIST_KEY_UIApplicationSupportsIndirectInputEvents = YES;
				INFOPLIST_KEY_UILaunchStoryboardName = LaunchScreen;
				INFOPLIST_KEY_UIMainStoryboardFile = Main;
				INFOPLIST_KEY_UISupportedInterfaceOrientations_iPad = "UIInterfaceOrientationPortrait UIInterfaceOrientationPortraitUpsideDown UIInterfaceOrientationLandscapeLeft UIInterfaceOrientationLandscapeRight";
				INFOPLIST_KEY_UISupportedInterfaceOrientations_iPhone = "UIInterfaceOrientationPortrait UIInterfaceOrientationLandscapeLeft UIInterfaceOrientationLandscapeRight";
				LD_RUNPATH_SEARCH_PATHS = (
					"$(inherited)",
					"@executable_path/Frameworks",
				);
				MARKETING_VERSION = 1.0;
				PRODUCT_BUNDLE_IDENTIFIER = com.berkayates.SegueApp;
				PRODUCT_NAME = "$(TARGET_NAME)";
				SWIFT_EMIT_LOC_STRINGS = YES;
				SWIFT_VERSION = 5.0;
				TARGETED_DEVICE_FAMILY = "1,2";
			};
			name = Release;
		};
		D277759628AA72F100338E41 /* Debug */ = {
			isa = XCBuildConfiguration;
			buildSettings = {
				ALWAYS_EMBED_SWIFT_STANDARD_LIBRARIES = YES;
				BUNDLE_LOADER = "$(TEST_HOST)";
				CODE_SIGN_STYLE = Automatic;
				CURRENT_PROJECT_VERSION = 1;
				GENERATE_INFOPLIST_FILE = YES;
				IPHONEOS_DEPLOYMENT_TARGET = 15.5;
				MARKETING_VERSION = 1.0;
				PRODUCT_BUNDLE_IDENTIFIER = com.berkayates.SegueAppTests;
				PRODUCT_NAME = "$(TARGET_NAME)";
				SWIFT_EMIT_LOC_STRINGS = NO;
				SWIFT_VERSION = 5.0;
				TARGETED_DEVICE_FAMILY = "1,2";
				TEST_HOST = "$(BUILT_PRODUCTS_DIR)/SegueApp.app/SegueApp";
			};
			name = Debug;
		};
		D277759728AA72F100338E41 /* Release */ = {
			isa = XCBuildConfiguration;
			buildSettings = {
				ALWAYS_EMBED_SWIFT_STANDARD_LIBRARIES = YES;
				BUNDLE_LOADER = "$(TEST_HOST)";
				CODE_SIGN_STYLE = Automatic;
				CURRENT_PROJECT_VERSION = 1;
				GENERATE_INFOPLIST_FILE = YES;
				IPHONEOS_DEPLOYMENT_TARGET = 15.5;
				MARKETING_VERSION = 1.0;
				PRODUCT_BUNDLE_IDENTIFIER = com.berkayates.SegueAppTests;
				PRODUCT_NAME = "$(TARGET_NAME)";
				SWIFT_EMIT_LOC_STRINGS = NO;
				SWIFT_VERSION = 5.0;
				TARGETED_DEVICE_FAMILY = "1,2";
				TEST_HOST = "$(BUILT_PRODUCTS_DIR)/SegueApp.app/SegueApp";
			};
			name = Release;
		};
		D277759928AA72F100338E41 /* Debug */ = {
			isa = XCBuildConfiguration;
			buildSettings = {
				ALWAYS_EMBED_SWIFT_STANDARD_LIBRARIES = YES;
				CODE_SIGN_STYLE = Automatic;
				CURRENT_PROJECT_VERSION = 1;
				GENERATE_INFOPLIST_FILE = YES;
				MARKETING_VERSION = 1.0;
				PRODUCT_BUNDLE_IDENTIFIER = com.berkayates.SegueAppUITests;
				PRODUCT_NAME = "$(TARGET_NAME)";
				SWIFT_EMIT_LOC_STRINGS = NO;
				SWIFT_VERSION = 5.0;
				TARGETED_DEVICE_FAMILY = "1,2";
				TEST_TARGET_NAME = SegueApp;
			};
			name = Debug;
		};
		D277759A28AA72F100338E41 /* Release */ = {
			isa = XCBuildConfiguration;
			buildSettings = {
				ALWAYS_EMBED_SWIFT_STANDARD_LIBRARIES = YES;
				CODE_SIGN_STYLE = Automatic;
				CURRENT_PROJECT_VERSION = 1;
				GENERATE_INFOPLIST_FILE = YES;
				MARKETING_VERSION = 1.0;
				PRODUCT_BUNDLE_IDENTIFIER = com.berkayates.SegueAppUITests;
				PRODUCT_NAME = "$(TARGET_NAME)";
				SWIFT_EMIT_LOC_STRINGS = NO;
				SWIFT_VERSION = 5.0;
				TARGETED_DEVICE_FAMILY = "1,2";
				TEST_TARGET_NAME = SegueApp;
			};
			name = Release;
		};
/* End XCBuildConfiguration section */

/* Begin XCConfigurationList section */
		D277756328AA72F000338E41 /* Build configuration list for PBXProject "SegueApp" */ = {
			isa = XCConfigurationList;
			buildConfigurations = (
				D277759028AA72F100338E41 /* Debug */,
				D277759128AA72F100338E41 /* Release */,
			);
			defaultConfigurationIsVisible = 0;
			defaultConfigurationName = Release;
		};
		D277759228AA72F100338E41 /* Build configuration list for PBXNativeTarget "SegueApp" */ = {
			isa = XCConfigurationList;
			buildConfigurations = (
				D277759328AA72F100338E41 /* Debug */,
				D277759428AA72F100338E41 /* Release */,
			);
			defaultConfigurationIsVisible = 0;
			defaultConfigurationName = Release;
		};
		D277759528AA72F100338E41 /* Build configuration list for PBXNativeTarget "SegueAppTests" */ = {
			isa = XCConfigurationList;
			buildConfigurations = (
				D277759628AA72F100338E41 /* Debug */,
				D277759728AA72F100338E41 /* Release */,
			);
			defaultConfigurationIsVisible = 0;
			defaultConfigurationName = Release;
		};
		D277759828AA72F100338E41 /* Build configuration list for PBXNativeTarget "SegueAppUITests" */ = {
			isa = XCConfigurationList;
			buildConfigurations = (
				D277759928AA72F100338E41 /* Debug */,
				D277759A28AA72F100338E41 /* Release */,
			);
			defaultConfigurationIsVisible = 0;
			defaultConfigurationName = Release;
		};
/* End XCConfigurationList section */
	};
	rootObject = D277756028AA72F000338E41 /* Project object */;
}
