// !$*UTF8*$!
{
	archiveVersion = 1;
	classes = {
	};
	objectVersion = 55;
	objects = {

/* Begin PBXBuildFile section */
		D2BBD38B28A917C900A3CC1A /* AppDelegate.swift in Sources */ = {isa = PBXBuildFile; fileRef = D2BBD38A28A917C900A3CC1A /* AppDelegate.swift */; };
		D2BBD38D28A917C900A3CC1A /* SceneDelegate.swift in Sources */ = {isa = PBXBuildFile; fileRef = D2BBD38C28A917C900A3CC1A /* SceneDelegate.swift */; };
		D2BBD38F28A917C900A3CC1A /* ViewController.swift in Sources */ = {isa = PBXBuildFile; fileRef = D2BBD38E28A917C900A3CC1A /* ViewController.swift */; };
		D2BBD39228A917C900A3CC1A /* Main.storyboard in Resources */ = {isa = PBXBuildFile; fileRef = D2BBD39028A917C900A3CC1A /* Main.storyboard */; };
		D2BBD39428A917CB00A3CC1A /* Assets.xcassets in Resources */ = {isa = PBXBuildFile; fileRef = D2BBD39328A917CB00A3CC1A /* Assets.xcassets */; };
		D2BBD39728A917CB00A3CC1A /* LaunchScreen.storyboard in Resources */ = {isa = PBXBuildFile; fileRef = D2BBD39528A917CB00A3CC1A /* LaunchScreen.storyboard */; };
		D2BBD3A228A917CC00A3CC1A /* SimpleCalculatorTests.swift in Sources */ = {isa = PBXBuildFile; fileRef = D2BBD3A128A917CC00A3CC1A /* SimpleCalculatorTests.swift */; };
		D2BBD3AC28A917CC00A3CC1A /* SimpleCalculatorUITests.swift in Sources */ = {isa = PBXBuildFile; fileRef = D2BBD3AB28A917CC00A3CC1A /* SimpleCalculatorUITests.swift */; };
		D2BBD3AE28A917CC00A3CC1A /* SimpleCalculatorUITestsLaunchTests.swift in Sources */ = {isa = PBXBuildFile; fileRef = D2BBD3AD28A917CC00A3CC1A /* SimpleCalculatorUITestsLaunchTests.swift */; };
/* End PBXBuildFile section */

/* Begin PBXContainerItemProxy section */
		D2BBD39E28A917CC00A3CC1A /* PBXContainerItemProxy */ = {
			isa = PBXContainerItemProxy;
			containerPortal = D2BBD37F28A917C900A3CC1A /* Project object */;
			proxyType = 1;
			remoteGlobalIDString = D2BBD38628A917C900A3CC1A;
			remoteInfo = SimpleCalculator;
		};
		D2BBD3A828A917CC00A3CC1A /* PBXContainerItemProxy */ = {
			isa = PBXContainerItemProxy;
			containerPortal = D2BBD37F28A917C900A3CC1A /* Project object */;
			proxyType = 1;
			remoteGlobalIDString = D2BBD38628A917C900A3CC1A;
			remoteInfo = SimpleCalculator;
		};
/* End PBXContainerItemProxy section */

/* Begin PBXFileReference section */
		D2BBD38728A917C900A3CC1A /* SimpleCalculator.app */ = {isa = PBXFileReference; explicitFileType = wrapper.application; includeInIndex = 0; path = SimpleCalculator.app; sourceTree = BUILT_PRODUCTS_DIR; };
		D2BBD38A28A917C900A3CC1A /* AppDelegate.swift */ = {isa = PBXFileReference; lastKnownFileType = sourcecode.swift; path = AppDelegate.swift; sourceTree = "<group>"; };
		D2BBD38C28A917C900A3CC1A /* SceneDelegate.swift */ = {isa = PBXFileReference; lastKnownFileType = sourcecode.swift; path = SceneDelegate.swift; sourceTree = "<group>"; };
		D2BBD38E28A917C900A3CC1A /* ViewController.swift */ = {isa = PBXFileReference; lastKnownFileType = sourcecode.swift; path = ViewController.swift; sourceTree = "<group>"; };
		D2BBD39128A917C900A3CC1A /* Base */ = {isa = PBXFileReference; lastKnownFileType = file.storyboard; name = Base; path = Base.lproj/Main.storyboard; sourceTree = "<group>"; };
		D2BBD39328A917CB00A3CC1A /* Assets.xcassets */ = {isa = PBXFileReference; lastKnownFileType = folder.assetcatalog; path = Assets.xcassets; sourceTree = "<group>"; };
		D2BBD39628A917CB00A3CC1A /* Base */ = {isa = PBXFileReference; lastKnownFileType = file.storyboard; name = Base; path = Base.lproj/LaunchScreen.storyboard; sourceTree = "<group>"; };
		D2BBD39828A917CB00A3CC1A /* Info.plist */ = {isa = PBXFileReference; lastKnownFileType = text.plist.xml; path = Info.plist; sourceTree = "<group>"; };
		D2BBD39D28A917CC00A3CC1A /* SimpleCalculatorTests.xctest */ = {isa = PBXFileReference; explicitFileType = wrapper.cfbundle; includeInIndex = 0; path = SimpleCalculatorTests.xctest; sourceTree = BUILT_PRODUCTS_DIR; };
		D2BBD3A128A917CC00A3CC1A /* SimpleCalculatorTests.swift */ = {isa = PBXFileReference; lastKnownFileType = sourcecode.swift; path = SimpleCalculatorTests.swift; sourceTree = "<group>"; };
		D2BBD3A728A917CC00A3CC1A /* SimpleCalculatorUITests.xctest */ = {isa = PBXFileReference; explicitFileType = wrapper.cfbundle; includeInIndex = 0; path = SimpleCalculatorUITests.xctest; sourceTree = BUILT_PRODUCTS_DIR; };
		D2BBD3AB28A917CC00A3CC1A /* SimpleCalculatorUITests.swift */ = {isa = PBXFileReference; lastKnownFileType = sourcecode.swift; path = SimpleCalculatorUITests.swift; sourceTree = "<group>"; };
		D2BBD3AD28A917CC00A3CC1A /* SimpleCalculatorUITestsLaunchTests.swift */ = {isa = PBXFileReference; lastKnownFileType = sourcecode.swift; path = SimpleCalculatorUITestsLaunchTests.swift; sourceTree = "<group>"; };
/* End PBXFileReference section */

/* Begin PBXFrameworksBuildPhase section */
		D2BBD38428A917C900A3CC1A /* Frameworks */ = {
			isa = PBXFrameworksBuildPhase;
			buildActionMask = 2147483647;
			files = (
			);
			runOnlyForDeploymentPostprocessing = 0;
		};
		D2BBD39A28A917CC00A3CC1A /* Frameworks */ = {
			isa = PBXFrameworksBuildPhase;
			buildActionMask = 2147483647;
			files = (
			);
			runOnlyForDeploymentPostprocessing = 0;
		};
		D2BBD3A428A917CC00A3CC1A /* Frameworks */ = {
			isa = PBXFrameworksBuildPhase;
			buildActionMask = 2147483647;
			files = (
			);
			runOnlyForDeploymentPostprocessing = 0;
		};
/* End PBXFrameworksBuildPhase section */

/* Begin PBXGroup section */
		D2BBD37E28A917C900A3CC1A = {
			isa = PBXGroup;
			children = (
				D2BBD38928A917C900A3CC1A /* SimpleCalculator */,
				D2BBD3A028A917CC00A3CC1A /* SimpleCalculatorTests */,
				D2BBD3AA28A917CC00A3CC1A /* SimpleCalculatorUITests */,
				D2BBD38828A917C900A3CC1A /* Products */,
			);
			sourceTree = "<group>";
		};
		D2BBD38828A917C900A3CC1A /* Products */ = {
			isa = PBXGroup;
			children = (
				D2BBD38728A917C900A3CC1A /* SimpleCalculator.app */,
				D2BBD39D28A917CC00A3CC1A /* SimpleCalculatorTests.xctest */,
				D2BBD3A728A917CC00A3CC1A /* SimpleCalculatorUITests.xctest */,
			);
			name = Products;
			sourceTree = "<group>";
		};
		D2BBD38928A917C900A3CC1A /* SimpleCalculator */ = {
			isa = PBXGroup;
			children = (
				D2BBD38A28A917C900A3CC1A /* AppDelegate.swift */,
				D2BBD38C28A917C900A3CC1A /* SceneDelegate.swift */,
				D2BBD38E28A917C900A3CC1A /* ViewController.swift */,
				D2BBD39028A917C900A3CC1A /* Main.storyboard */,
				D2BBD39328A917CB00A3CC1A /* Assets.xcassets */,
				D2BBD39528A917CB00A3CC1A /* LaunchScreen.storyboard */,
				D2BBD39828A917CB00A3CC1A /* Info.plist */,
			);
			path = SimpleCalculator;
			sourceTree = "<group>";
		};
		D2BBD3A028A917CC00A3CC1A /* SimpleCalculatorTests */ = {
			isa = PBXGroup;
			children = (
				D2BBD3A128A917CC00A3CC1A /* SimpleCalculatorTests.swift */,
			);
			path = SimpleCalculatorTests;
			sourceTree = "<group>";
		};
		D2BBD3AA28A917CC00A3CC1A /* SimpleCalculatorUITests */ = {
			isa = PBXGroup;
			children = (
				D2BBD3AB28A917CC00A3CC1A /* SimpleCalculatorUITests.swift */,
				D2BBD3AD28A917CC00A3CC1A /* SimpleCalculatorUITestsLaunchTests.swift */,
			);
			path = SimpleCalculatorUITests;
			sourceTree = "<group>";
		};
/* End PBXGroup section */

/* Begin PBXNativeTarget section */
		D2BBD38628A917C900A3CC1A /* SimpleCalculator */ = {
			isa = PBXNativeTarget;
			buildConfigurationList = D2BBD3B128A917CC00A3CC1A /* Build configuration list for PBXNativeTarget "SimpleCalculator" */;
			buildPhases = (
				D2BBD38328A917C900A3CC1A /* Sources */,
				D2BBD38428A917C900A3CC1A /* Frameworks */,
				D2BBD38528A917C900A3CC1A /* Resources */,
			);
			buildRules = (
			);
			dependencies = (
			);
			name = SimpleCalculator;
			productName = SimpleCalculator;
			productReference = D2BBD38728A917C900A3CC1A /* SimpleCalculator.app */;
			productType = "com.apple.product-type.application";
		};
		D2BBD39C28A917CC00A3CC1A /* SimpleCalculatorTests */ = {
			isa = PBXNativeTarget;
			buildConfigurationList = D2BBD3B428A917CC00A3CC1A /* Build configuration list for PBXNativeTarget "SimpleCalculatorTests" */;
			buildPhases = (
				D2BBD39928A917CC00A3CC1A /* Sources */,
				D2BBD39A28A917CC00A3CC1A /* Frameworks */,
				D2BBD39B28A917CC00A3CC1A /* Resources */,
			);
			buildRules = (
			);
			dependencies = (
				D2BBD39F28A917CC00A3CC1A /* PBXTargetDependency */,
			);
			name = SimpleCalculatorTests;
			productName = SimpleCalculatorTests;
			productReference = D2BBD39D28A917CC00A3CC1A /* SimpleCalculatorTests.xctest */;
			productType = "com.apple.product-type.bundle.unit-test";
		};
		D2BBD3A628A917CC00A3CC1A /* SimpleCalculatorUITests */ = {
			isa = PBXNativeTarget;
			buildConfigurationList = D2BBD3B728A917CC00A3CC1A /* Build configuration list for PBXNativeTarget "SimpleCalculatorUITests" */;
			buildPhases = (
				D2BBD3A328A917CC00A3CC1A /* Sources */,
				D2BBD3A428A917CC00A3CC1A /* Frameworks */,
				D2BBD3A528A917CC00A3CC1A /* Resources */,
			);
			buildRules = (
			);
			dependencies = (
				D2BBD3A928A917CC00A3CC1A /* PBXTargetDependency */,
			);
			name = SimpleCalculatorUITests;
			productName = SimpleCalculatorUITests;
			productReference = D2BBD3A728A917CC00A3CC1A /* SimpleCalculatorUITests.xctest */;
			productType = "com.apple.product-type.bundle.ui-testing";
		};
/* End PBXNativeTarget section */

/* Begin PBXProject section */
		D2BBD37F28A917C900A3CC1A /* Project object */ = {
			isa = PBXProject;
			attributes = {
				BuildIndependentTargetsInParallel = 1;
				LastSwiftUpdateCheck = 1340;
				LastUpgradeCheck = 1340;
				TargetAttributes = {
					D2BBD38628A917C900A3CC1A = {
						CreatedOnToolsVersion = 13.4.1;
					};
					D2BBD39C28A917CC00A3CC1A = {
						CreatedOnToolsVersion = 13.4.1;
						TestTargetID = D2BBD38628A917C900A3CC1A;
					};
					D2BBD3A628A917CC00A3CC1A = {
						CreatedOnToolsVersion = 13.4.1;
						TestTargetID = D2BBD38628A917C900A3CC1A;
					};
				};
			};
			buildConfigurationList = D2BBD38228A917C900A3CC1A /* Build configuration list for PBXProject "SimpleCalculator" */;
			compatibilityVersion = "Xcode 13.0";
			developmentRegion = en;
			hasScannedForEncodings = 0;
			knownRegions = (
				en,
				Base,
			);
			mainGroup = D2BBD37E28A917C900A3CC1A;
			productRefGroup = D2BBD38828A917C900A3CC1A /* Products */;
			projectDirPath = "";
			projectRoot = "";
			targets = (
				D2BBD38628A917C900A3CC1A /* SimpleCalculator */,
				D2BBD39C28A917CC00A3CC1A /* SimpleCalculatorTests */,
				D2BBD3A628A917CC00A3CC1A /* SimpleCalculatorUITests */,
			);
		};
/* End PBXProject section */

/* Begin PBXResourcesBuildPhase section */
		D2BBD38528A917C900A3CC1A /* Resources */ = {
			isa = PBXResourcesBuildPhase;
			buildActionMask = 2147483647;
			files = (
				D2BBD39728A917CB00A3CC1A /* LaunchScreen.storyboard in Resources */,
				D2BBD39428A917CB00A3CC1A /* Assets.xcassets in Resources */,
				D2BBD39228A917C900A3CC1A /* Main.storyboard in Resources */,
			);
			runOnlyForDeploymentPostprocessing = 0;
		};
		D2BBD39B28A917CC00A3CC1A /* Resources */ = {
			isa = PBXResourcesBuildPhase;
			buildActionMask = 2147483647;
			files = (
			);
			runOnlyForDeploymentPostprocessing = 0;
		};
		D2BBD3A528A917CC00A3CC1A /* Resources */ = {
			isa = PBXResourcesBuildPhase;
			buildActionMask = 2147483647;
			files = (
			);
			runOnlyForDeploymentPostprocessing = 0;
		};
/* End PBXResourcesBuildPhase section */

/* Begin PBXSourcesBuildPhase section */
		D2BBD38328A917C900A3CC1A /* Sources */ = {
			isa = PBXSourcesBuildPhase;
			buildActionMask = 2147483647;
			files = (
				D2BBD38F28A917C900A3CC1A /* ViewController.swift in Sources */,
				D2BBD38B28A917C900A3CC1A /* AppDelegate.swift in Sources */,
				D2BBD38D28A917C900A3CC1A /* SceneDelegate.swift in Sources */,
			);
			runOnlyForDeploymentPostprocessing = 0;
		};
		D2BBD39928A917CC00A3CC1A /* Sources */ = {
			isa = PBXSourcesBuildPhase;
			buildActionMask = 2147483647;
			files = (
				D2BBD3A228A917CC00A3CC1A /* SimpleCalculatorTests.swift in Sources */,
			);
			runOnlyForDeploymentPostprocessing = 0;
		};
		D2BBD3A328A917CC00A3CC1A /* Sources */ = {
			isa = PBXSourcesBuildPhase;
			buildActionMask = 2147483647;
			files = (
				D2BBD3AE28A917CC00A3CC1A /* SimpleCalculatorUITestsLaunchTests.swift in Sources */,
				D2BBD3AC28A917CC00A3CC1A /* SimpleCalculatorUITests.swift in Sources */,
			);
			runOnlyForDeploymentPostprocessing = 0;
		};
/* End PBXSourcesBuildPhase section */

/* Begin PBXTargetDependency section */
		D2BBD39F28A917CC00A3CC1A /* PBXTargetDependency */ = {
			isa = PBXTargetDependency;
			target = D2BBD38628A917C900A3CC1A /* SimpleCalculator */;
			targetProxy = D2BBD39E28A917CC00A3CC1A /* PBXContainerItemProxy */;
		};
		D2BBD3A928A917CC00A3CC1A /* PBXTargetDependency */ = {
			isa = PBXTargetDependency;
			target = D2BBD38628A917C900A3CC1A /* SimpleCalculator */;
			targetProxy = D2BBD3A828A917CC00A3CC1A /* PBXContainerItemProxy */;
		};
/* End PBXTargetDependency section */

/* Begin PBXVariantGroup section */
		D2BBD39028A917C900A3CC1A /* Main.storyboard */ = {
			isa = PBXVariantGroup;
			children = (
				D2BBD39128A917C900A3CC1A /* Base */,
			);
			name = Main.storyboard;
			sourceTree = "<group>";
		};
		D2BBD39528A917CB00A3CC1A /* LaunchScreen.storyboard */ = {
			isa = PBXVariantGroup;
			children = (
				D2BBD39628A917CB00A3CC1A /* Base */,
			);
			name = LaunchScreen.storyboard;
			sourceTree = "<group>";
		};
/* End PBXVariantGroup section */

/* Begin XCBuildConfiguration section */
		D2BBD3AF28A917CC00A3CC1A /* Debug */ = {
			isa = XCBuildConfiguration;
			buildSettings = {
				ALWAYS_SEARCH_USER_PATHS = NO;
				CLANG_ANALYZER_NONNULL = YES;
				CLANG_ANALYZER_NUMBER_OBJECT_CONVERSION = YES_AGGRESSIVE;
				CLANG_CXX_LANGUAGE_STANDARD = "gnu++17";
				CLANG_ENABLE_MODULES = YES;
				CLANG_ENABLE_OBJC_ARC = YES;
				CLANG_ENABLE_OBJC_WEAK = YES;
				CLANG_WARN_BLOCK_CAPTURE_AUTORELEASING = YES;
				CLANG_WARN_BOOL_CONVERSION = YES;
				CLANG_WARN_COMMA = YES;
				CLANG_WARN_CONSTANT_CONVERSION = YES;
				CLANG_WARN_DEPRECATED_OBJC_IMPLEMENTATIONS = YES;
				CLANG_WARN_DIRECT_OBJC_ISA_USAGE = YES_ERROR;
				CLANG_WARN_DOCUMENTATION_COMMENTS = YES;
				CLANG_WARN_EMPTY_BODY = YES;
				CLANG_WARN_ENUM_CONVERSION = YES;
				CLANG_WARN_INFINITE_RECURSION = YES;
				CLANG_WARN_INT_CONVERSION = YES;
				CLANG_WARN_NON_LITERAL_NULL_CONVERSION = YES;
				CLANG_WARN_OBJC_IMPLICIT_RETAIN_SELF = YES;
				CLANG_WARN_OBJC_LITERAL_CONVERSION = YES;
				CLANG_WARN_OBJC_ROOT_CLASS = YES_ERROR;
				CLANG_WARN_QUOTED_INCLUDE_IN_FRAMEWORK_HEADER = YES;
				CLANG_WARN_RANGE_LOOP_ANALYSIS = YES;
				CLANG_WARN_STRICT_PROTOTYPES = YES;
				CLANG_WARN_SUSPICIOUS_MOVE = YES;
				CLANG_WARN_UNGUARDED_AVAILABILITY = YES_AGGRESSIVE;
				CLANG_WARN_UNREACHABLE_CODE = YES;
				CLANG_WARN__DUPLICATE_METHOD_MATCH = YES;
				COPY_PHASE_STRIP = NO;
				DEBUG_INFORMATION_FORMAT = dwarf;
				ENABLE_STRICT_OBJC_MSGSEND = YES;
				ENABLE_TESTABILITY = YES;
				GCC_C_LANGUAGE_STANDARD = gnu11;
				GCC_DYNAMIC_NO_PIC = NO;
				GCC_NO_COMMON_BLOCKS = YES;
				GCC_OPTIMIZATION_LEVEL = 0;
				GCC_PREPROCESSOR_DEFINITIONS = (
					"DEBUG=1",
					"$(inherited)",
				);
				GCC_WARN_64_TO_32_BIT_CONVERSION = YES;
				GCC_WARN_ABOUT_RETURN_TYPE = YES_ERROR;
				GCC_WARN_UNDECLARED_SELECTOR = YES;
				GCC_WARN_UNINITIALIZED_AUTOS = YES_AGGRESSIVE;
				GCC_WARN_UNUSED_FUNCTION = YES;
				GCC_WARN_UNUSED_VARIABLE = YES;
				IPHONEOS_DEPLOYMENT_TARGET = 15.5;
				MTL_ENABLE_DEBUG_INFO = INCLUDE_SOURCE;
				MTL_FAST_MATH = YES;
				ONLY_ACTIVE_ARCH = YES;
				SDKROOT = iphoneos;
				SWIFT_ACTIVE_COMPILATION_CONDITIONS = DEBUG;
				SWIFT_OPTIMIZATION_LEVEL = "-Onone";
			};
			name = Debug;
		};
		D2BBD3B028A917CC00A3CC1A /* Release */ = {
			isa = XCBuildConfiguration;
			buildSettings = {
				ALWAYS_SEARCH_USER_PATHS = NO;
				CLANG_ANALYZER_NONNULL = YES;
				CLANG_ANALYZER_NUMBER_OBJECT_CONVERSION = YES_AGGRESSIVE;
				CLANG_CXX_LANGUAGE_STANDARD = "gnu++17";
				CLANG_ENABLE_MODULES = YES;
				CLANG_ENABLE_OBJC_ARC = YES;
				CLANG_ENABLE_OBJC_WEAK = YES;
				CLANG_WARN_BLOCK_CAPTURE_AUTORELEASING = YES;
				CLANG_WARN_BOOL_CONVERSION = YES;
				CLANG_WARN_COMMA = YES;
				CLANG_WARN_CONSTANT_CONVERSION = YES;
				CLANG_WARN_DEPRECATED_OBJC_IMPLEMENTATIONS = YES;
				CLANG_WARN_DIRECT_OBJC_ISA_USAGE = YES_ERROR;
				CLANG_WARN_DOCUMENTATION_COMMENTS = YES;
				CLANG_WARN_EMPTY_BODY = YES;
				CLANG_WARN_ENUM_CONVERSION = YES;
				CLANG_WARN_INFINITE_RECURSION = YES;
				CLANG_WARN_INT_CONVERSION = YES;
				CLANG_WARN_NON_LITERAL_NULL_CONVERSION = YES;
				CLANG_WARN_OBJC_IMPLICIT_RETAIN_SELF = YES;
				CLANG_WARN_OBJC_LITERAL_CONVERSION = YES;
				CLANG_WARN_OBJC_ROOT_CLASS = YES_ERROR;
				CLANG_WARN_QUOTED_INCLUDE_IN_FRAMEWORK_HEADER = YES;
				CLANG_WARN_RANGE_LOOP_ANALYSIS = YES;
				CLANG_WARN_STRICT_PROTOTYPES = YES;
				CLANG_WARN_SUSPICIOUS_MOVE = YES;
				CLANG_WARN_UNGUARDED_AVAILABILITY = YES_AGGRESSIVE;
				CLANG_WARN_UNREACHABLE_CODE = YES;
				CLANG_WARN__DUPLICATE_METHOD_MATCH = YES;
				COPY_PHASE_STRIP = NO;
				DEBUG_INFORMATION_FORMAT = "dwarf-with-dsym";
				ENABLE_NS_ASSERTIONS = NO;
				ENABLE_STRICT_OBJC_MSGSEND = YES;
				GCC_C_LANGUAGE_STANDARD = gnu11;
				GCC_NO_COMMON_BLOCKS = YES;
				GCC_WARN_64_TO_32_BIT_CONVERSION = YES;
				GCC_WARN_ABOUT_RETURN_TYPE = YES_ERROR;
				GCC_WARN_UNDECLARED_SELECTOR = YES;
				GCC_WARN_UNINITIALIZED_AUTOS = YES_AGGRESSIVE;
				GCC_WARN_UNUSED_FUNCTION = YES;
				GCC_WARN_UNUSED_VARIABLE = YES;
				IPHONEOS_DEPLOYMENT_TARGET = 15.5;
				MTL_ENABLE_DEBUG_INFO = NO;
				MTL_FAST_MATH = YES;
				SDKROOT = iphoneos;
				SWIFT_COMPILATION_MODE = wholemodule;
				SWIFT_OPTIMIZATION_LEVEL = "-O";
				VALIDATE_PRODUCT = YES;
			};
			name = Release;
		};
		D2BBD3B228A917CC00A3CC1A /* Debug */ = {
			isa = XCBuildConfiguration;
			buildSettings = {
				ASSETCATALOG_COMPILER_APPICON_NAME = AppIcon;
				ASSETCATALOG_COMPILER_GLOBAL_ACCENT_COLOR_NAME = AccentColor;
				CODE_SIGN_STYLE = Automatic;
				CURRENT_PROJECT_VERSION = 1;
				GENERATE_INFOPLIST_FILE = YES;
				INFOPLIST_FILE = SimpleCalculator/Info.plist;
				INFOPLIST_KEY_UIApplicationSupportsIndirectInputEvents = YES;
				INFOPLIST_KEY_UILaunchStoryboardName = LaunchScreen;
				INFOPLIST_KEY_UIMainStoryboardFile = Main;
				INFOPLIST_KEY_UISupportedInterfaceOrientations_iPad = "UIInterfaceOrientationPortrait UIInterfaceOrientationPortraitUpsideDown UIInterfaceOrientationLandscapeLeft UIInterfaceOrientationLandscapeRight";
				INFOPLIST_KEY_UISupportedInterfaceOrientations_iPhone = "UIInterfaceOrientationPortrait UIInterfaceOrientationLandscapeLeft UIInterfaceOrientationLandscapeRight";
				LD_RUNPATH_SEARCH_PATHS = (
					"$(inherited)",
					"@executable_path/Frameworks",
				);
				MARKETING_VERSION = 1.0;
				PRODUCT_BUNDLE_IDENTIFIER = com.berkayates.SimpleCalculator;
				PRODUCT_NAME = "$(TARGET_NAME)";
				SWIFT_EMIT_LOC_STRINGS = YES;
				SWIFT_VERSION = 5.0;
				TARGETED_DEVICE_FAMILY = "1,2";
			};
			name = Debug;
		};
		D2BBD3B328A917CC00A3CC1A /* Release */ = {
			isa = XCBuildConfiguration;
			buildSettings = {
				ASSETCATALOG_COMPILER_APPICON_NAME = AppIcon;
				ASSETCATALOG_COMPILER_GLOBAL_ACCENT_COLOR_NAME = AccentColor;
				CODE_SIGN_STYLE = Automatic;
				CURRENT_PROJECT_VERSION = 1;
				GENERATE_INFOPLIST_FILE = YES;
				INFOPLIST_FILE = SimpleCalculator/Info.plist;
				INFOPLIST_KEY_UIApplicationSupportsIndirectInputEvents = YES;
				INFOPLIST_KEY_UILaunchStoryboardName = LaunchScreen;
				INFOPLIST_KEY_UIMainStoryboardFile = Main;
				INFOPLIST_KEY_UISupportedInterfaceOrientations_iPad = "UIInterfaceOrientationPortrait UIInterfaceOrientationPortraitUpsideDown UIInterfaceOrientationLandscapeLeft UIInterfaceOrientationLandscapeRight";
				INFOPLIST_KEY_UISupportedInterfaceOrientations_iPhone = "UIInterfaceOrientationPortrait UIInterfaceOrientationLandscapeLeft UIInterfaceOrientationLandscapeRight";
				LD_RUNPATH_SEARCH_PATHS = (
					"$(inherited)",
					"@executable_path/Frameworks",
				);
				MARKETING_VERSION = 1.0;
				PRODUCT_BUNDLE_IDENTIFIER = com.berkayates.SimpleCalculator;
				PRODUCT_NAME = "$(TARGET_NAME)";
				SWIFT_EMIT_LOC_STRINGS = YES;
				SWIFT_VERSION = 5.0;
				TARGETED_DEVICE_FAMILY = "1,2";
			};
			name = Release;
		};
		D2BBD3B528A917CC00A3CC1A /* Debug */ = {
			isa = XCBuildConfiguration;
			buildSettings = {
				ALWAYS_EMBED_SWIFT_STANDARD_LIBRARIES = YES;
				BUNDLE_LOADER = "$(TEST_HOST)";
				CODE_SIGN_STYLE = Automatic;
				CURRENT_PROJECT_VERSION = 1;
				GENERATE_INFOPLIST_FILE = YES;
				IPHONEOS_DEPLOYMENT_TARGET = 15.5;
				MARKETING_VERSION = 1.0;
				PRODUCT_BUNDLE_IDENTIFIER = com.berkayates.SimpleCalculatorTests;
				PRODUCT_NAME = "$(TARGET_NAME)";
				SWIFT_EMIT_LOC_STRINGS = NO;
				SWIFT_VERSION = 5.0;
				TARGETED_DEVICE_FAMILY = "1,2";
				TEST_HOST = "$(BUILT_PRODUCTS_DIR)/SimpleCalculator.app/SimpleCalculator";
			};
			name = Debug;
		};
		D2BBD3B628A917CC00A3CC1A /* Release */ = {
			isa = XCBuildConfiguration;
			buildSettings = {
				ALWAYS_EMBED_SWIFT_STANDARD_LIBRARIES = YES;
				BUNDLE_LOADER = "$(TEST_HOST)";
				CODE_SIGN_STYLE = Automatic;
				CURRENT_PROJECT_VERSION = 1;
				GENERATE_INFOPLIST_FILE = YES;
				IPHONEOS_DEPLOYMENT_TARGET = 15.5;
				MARKETING_VERSION = 1.0;
				PRODUCT_BUNDLE_IDENTIFIER = com.berkayates.SimpleCalculatorTests;
				PRODUCT_NAME = "$(TARGET_NAME)";
				SWIFT_EMIT_LOC_STRINGS = NO;
				SWIFT_VERSION = 5.0;
				TARGETED_DEVICE_FAMILY = "1,2";
				TEST_HOST = "$(BUILT_PRODUCTS_DIR)/SimpleCalculator.app/SimpleCalculator";
			};
			name = Release;
		};
		D2BBD3B828A917CC00A3CC1A /* Debug */ = {
			isa = XCBuildConfiguration;
			buildSettings = {
				ALWAYS_EMBED_SWIFT_STANDARD_LIBRARIES = YES;
				CODE_SIGN_STYLE = Automatic;
				CURRENT_PROJECT_VERSION = 1;
				GENERATE_INFOPLIST_FILE = YES;
				MARKETING_VERSION = 1.0;
				PRODUCT_BUNDLE_IDENTIFIER = com.berkayates.SimpleCalculatorUITests;
				PRODUCT_NAME = "$(TARGET_NAME)";
				SWIFT_EMIT_LOC_STRINGS = NO;
				SWIFT_VERSION = 5.0;
				TARGETED_DEVICE_FAMILY = "1,2";
				TEST_TARGET_NAME = SimpleCalculator;
			};
			name = Debug;
		};
		D2BBD3B928A917CC00A3CC1A /* Release */ = {
			isa = XCBuildConfiguration;
			buildSettings = {
				ALWAYS_EMBED_SWIFT_STANDARD_LIBRARIES = YES;
				CODE_SIGN_STYLE = Automatic;
				CURRENT_PROJECT_VERSION = 1;
				GENERATE_INFOPLIST_FILE = YES;
				MARKETING_VERSION = 1.0;
				PRODUCT_BUNDLE_IDENTIFIER = com.berkayates.SimpleCalculatorUITests;
				PRODUCT_NAME = "$(TARGET_NAME)";
				SWIFT_EMIT_LOC_STRINGS = NO;
				SWIFT_VERSION = 5.0;
				TARGETED_DEVICE_FAMILY = "1,2";
				TEST_TARGET_NAME = SimpleCalculator;
			};
			name = Release;
		};
/* End XCBuildConfiguration section */

/* Begin XCConfigurationList section */
		D2BBD38228A917C900A3CC1A /* Build configuration list for PBXProject "SimpleCalculator" */ = {
			isa = XCConfigurationList;
			buildConfigurations = (
				D2BBD3AF28A917CC00A3CC1A /* Debug */,
				D2BBD3B028A917CC00A3CC1A /* Release */,
			);
			defaultConfigurationIsVisible = 0;
			defaultConfigurationName = Release;
		};
		D2BBD3B128A917CC00A3CC1A /* Build configuration list for PBXNativeTarget "SimpleCalculator" */ = {
			isa = XCConfigurationList;
			buildConfigurations = (
				D2BBD3B228A917CC00A3CC1A /* Debug */,
				D2BBD3B328A917CC00A3CC1A /* Release */,
			);
			defaultConfigurationIsVisible = 0;
			defaultConfigurationName = Release;
		};
		D2BBD3B428A917CC00A3CC1A /* Build configuration list for PBXNativeTarget "SimpleCalculatorTests" */ = {
			isa = XCConfigurationList;
			buildConfigurations = (
				D2BBD3B528A917CC00A3CC1A /* Debug */,
				D2BBD3B628A917CC00A3CC1A /* Release */,
			);
			defaultConfigurationIsVisible = 0;
			defaultConfigurationName = Release;
		};
		D2BBD3B728A917CC00A3CC1A /* Build configuration list for PBXNativeTarget "SimpleCalculatorUITests" */ = {
			isa = XCConfigurationList;
			buildConfigurations = (
				D2BBD3B828A917CC00A3CC1A /* Debug */,
				D2BBD3B928A917CC00A3CC1A /* Release */,
			);
			defaultConfigurationIsVisible = 0;
			defaultConfigurationName = Release;
		};
/* End XCConfigurationList section */
	};
	rootObject = D2BBD37F28A917C900A3CC1A /* Project object */;
}
